
Microsoft Visual Studio Solution File, Format Version 12.00
# Visual Studio Version 16
VisualStudioVersion = 16.0.30011.22
MinimumVisualStudioVersion = 10.0.40219.1
Project("{FAE04EC0-301F-11D3-BF4B-00C04F79EFBC}") = "HelloConsole", "HelloConsole\HelloConsole.csproj", "{AFE1DB94-D347-46CB-A074-E522D26AEC3D}"
EndProject
Global
	GlobalSection(SolutionConfigurationPlatforms) = preSolution
		Debug|Any CPU = Debug|Any CPU
		Release|Any CPU = Release|Any CPU
	EndGlobalSection
	GlobalSection(ProjectConfigurationPlatforms) = postSolution
		{AFE1DB94-D347-46CB-A074-E522D26AEC3D}.Debug|Any CPU.ActiveCfg = Debug|Any CPU
		{AFE1DB94-D347-46CB-A074-E522D26AEC3D}.Debug|Any CPU.Build.0 = Debug|Any CPU
		{AFE1DB94-D347-46CB-A074-E522D26AEC3D}.Release|Any CPU.ActiveCfg = Release|Any CPU
		{AFE1DB94-D347-46CB-A074-E522D26AEC3D}.Release|Any CPU.Build.0 = Release|Any CPU
	EndGlobalSection
	GlobalSection(SolutionProperties) = preSolution
		HideSolutionNode = FALSE
	EndGlobalSection
	GlobalSection(ExtensibilityGlobals) = postSolution
		SolutionGuid = {3EAA863B-382E-425F-9E81-65860F3827E1}
	EndGlobalSection
EndGlobal
